// !$*UTF8*$!
{
	archiveVersion = 1;
	classes = {
	};
	objectVersion = 77;
	objects = {

/* Begin PBXBuildFile section */
		7A000C3F2EADEB6C00EEC3FA /* ARadmissionApp.swift in Sources */ = {isa = PBXBuildFile; fileRef = 7A000C382EADEB6C00EEC3FA /* ARadmissionApp.swift */; };
		7A939B2B2EAAA26C00DDA4FB /* PatientCard.swift in Sources */ = {isa = PBXBuildFile; fileRef = 7A939B252EAAA26C00DDA4FB /* PatientCard.swift */; };
		7AC8AA5A2E9E1B4C0085907F /* RealityKitContent in Frameworks */ = {isa = PBXBuildFile; productRef = 7AC8AA592E9E1B4C0085907F /* RealityKitContent */; };
/* End PBXBuildFile section */

/* Begin PBXContainerItemProxy section */
		7AC8AA692E9E1B4F0085907F /* PBXContainerItemProxy */ = {
			isa = PBXContainerItemProxy;
			containerPortal = 7AC8AA4C2E9E1B4C0085907F /* Project object */;
			proxyType = 1;
			remoteGlobalIDString = 7AC8AA532E9E1B4C0085907F;
			remoteInfo = ARadmission;
		};
/* End PBXContainerItemProxy section */

/* Begin PBXFileReference section */
		7A000C382EADEB6C00EEC3FA /* ARadmissionApp.swift */ = {isa = PBXFileReference; lastKnownFileType = sourcecode.swift; path = ARadmissionApp.swift; sourceTree = "<group>"; };
		7A939B252EAAA26C00DDA4FB /* PatientCard.swift */ = {isa = PBXFileReference; lastKnownFileType = sourcecode.swift; path = PatientCard.swift; sourceTree = "<group>"; };
		7AC8AA542E9E1B4C0085907F /* ARadmission.app */ = {isa = PBXFileReference; explicitFileType = wrapper.application; includeInIndex = 0; path = ARadmission.app; sourceTree = BUILT_PRODUCTS_DIR; };
		7AC8AA582E9E1B4C0085907F /* RealityKitContent */ = {isa = PBXFileReference; lastKnownFileType = wrapper; path = RealityKitContent; sourceTree = "<group>"; };
		7AC8AA682E9E1B4F0085907F /* ARadmissionTests.xctest */ = {isa = PBXFileReference; explicitFileType = wrapper.cfbundle; includeInIndex = 0; path = ARadmissionTests.xctest; sourceTree = BUILT_PRODUCTS_DIR; };
/* End PBXFileReference section */

/* Begin PBXFileSystemSynchronizedBuildFileExceptionSet section */
		7AC8AA6E2E9E1B4F0085907F /* Exceptions for "ARadmission" folder in "ARadmission" target */ = {
			isa = PBXFileSystemSynchronizedBuildFileExceptionSet;
			membershipExceptions = (
				Info.plist,
			);
			target = 7AC8AA532E9E1B4C0085907F /* ARadmission */;
		};
/* End PBXFileSystemSynchronizedBuildFileExceptionSet section */

/* Begin PBXFileSystemSynchronizedRootGroup section */
		7AC8AA562E9E1B4C0085907F /* ARadmission */ = {
			isa = PBXFileSystemSynchronizedRootGroup;
			exceptions = (
				7AC8AA6E2E9E1B4F0085907F /* Exceptions for "ARadmission" folder in "ARadmission" target */,
			);
			path = ARadmission;
			sourceTree = "<group>";
		};
		7AC8AA6B2E9E1B4F0085907F /* ARadmissionTests */ = {
			isa = PBXFileSystemSynchronizedRootGroup;
			path = ARadmissionTests;
			sourceTree = "<group>";
		};
/* End PBXFileSystemSynchronizedRootGroup section */

/* Begin PBXFrameworksBuildPhase section */
		7AC8AA512E9E1B4C0085907F /* Frameworks */ = {
			isa = PBXFrameworksBuildPhase;
			buildActionMask = 2147483647;
			files = (
				7AC8AA5A2E9E1B4C0085907F /* RealityKitContent in Frameworks */,
			);
			runOnlyForDeploymentPostprocessing = 0;
		};
		7AC8AA652E9E1B4F0085907F /* Frameworks */ = {
			isa = PBXFrameworksBuildPhase;
			buildActionMask = 2147483647;
			files = (
			);
			runOnlyForDeploymentPostprocessing = 0;
		};
/* End PBXFrameworksBuildPhase section */

/* Begin PBXGroup section */
		7A000C472EADEE7F00EEC3FA /* App */ = {
			isa = PBXGroup;
			children = (
				7A000C382EADEB6C00EEC3FA /* ARadmissionApp.swift */,
			);
			path = App;
			sourceTree = "<group>";
		};
		7A000C482EADEE8F00EEC3FA /* Features */ = {
			isa = PBXGroup;
			children = (
			);
			path = Features;
			sourceTree = "<group>";
		};
		7A000C492EADEE9700EEC3FA /* Models */ = {
			isa = PBXGroup;
			children = (
				7A000C4A2EADEE9B00EEC3FA /* Services */,
			);
			path = Models;
			sourceTree = "<group>";
		};
		7A000C4A2EADEE9B00EEC3FA /* Services */ = {
			isa = PBXGroup;
			children = (
			);
			path = Services;
			sourceTree = "<group>";
		};
		7A000C4B2EADEEA100EEC3FA /* Resources */ = {
			isa = PBXGroup;
			children = (
			);
			path = Resources;
			sourceTree = "<group>";
		};
		7A000C4C2EADEEA800EEC3FA /* Extensions */ = {
			isa = PBXGroup;
			children = (
			);
			path = Extensions;
			sourceTree = "<group>";
		};
		7A000C4D2EADEEAF00EEC3FA /* Config */ = {
			isa = PBXGroup;
			children = (
			);
			path = Config;
			sourceTree = "<group>";
		};
		7A939B302EAAAA3E00DDA4FB /* UI */ = {
			isa = PBXGroup;
			children = (
				7A939B252EAAA26C00DDA4FB /* PatientCard.swift */,
			);
			path = UI;
			sourceTree = "<group>";
		};
		7AC8AA4B2E9E1B4C0085907F = {
			isa = PBXGroup;
			children = (
				7A000C4D2EADEEAF00EEC3FA /* Config */,
				7A000C4C2EADEEA800EEC3FA /* Extensions */,
				7A000C4B2EADEEA100EEC3FA /* Resources */,
				7A000C492EADEE9700EEC3FA /* Models */,
				7A000C482EADEE8F00EEC3FA /* Features */,
				7A000C472EADEE7F00EEC3FA /* App */,
				7A939B302EAAAA3E00DDA4FB /* UI */,
				7AC8AA562E9E1B4C0085907F /* ARadmission */,
				7AC8AA572E9E1B4C0085907F /* Packages */,
				7AC8AA6B2E9E1B4F0085907F /* ARadmissionTests */,
				7AC8AA552E9E1B4C0085907F /* Products */,
			);
			sourceTree = "<group>";
		};
		7AC8AA552E9E1B4C0085907F /* Products */ = {
			isa = PBXGroup;
			children = (
				7AC8AA542E9E1B4C0085907F /* ARadmission.app */,
				7AC8AA682E9E1B4F0085907F /* ARadmissionTests.xctest */,
			);
			name = Products;
			sourceTree = "<group>";
		};
		7AC8AA572E9E1B4C0085907F /* Packages */ = {
			isa = PBXGroup;
			children = (
				7AC8AA582E9E1B4C0085907F /* RealityKitContent */,
			);
			path = Packages;
			sourceTree = "<group>";
		};
/* End PBXGroup section */

/* Begin PBXNativeTarget section */
		7AC8AA532E9E1B4C0085907F /* ARadmission */ = {
			isa = PBXNativeTarget;
			buildConfigurationList = 7AC8AA6F2E9E1B4F0085907F /* Build configuration list for PBXNativeTarget "ARadmission" */;
			buildPhases = (
				7AC8AA502E9E1B4C0085907F /* Sources */,
				7AC8AA512E9E1B4C0085907F /* Frameworks */,
				7AC8AA522E9E1B4C0085907F /* Resources */,
			);
			buildRules = (
			);
			dependencies = (
			);
			fileSystemSynchronizedGroups = (
				7AC8AA562E9E1B4C0085907F /* ARadmission */,
			);
			name = ARadmission;
			packageProductDependencies = (
				7AC8AA592E9E1B4C0085907F /* RealityKitContent */,
			);
			productName = ARadmission;
			productReference = 7AC8AA542E9E1B4C0085907F /* ARadmission.app */;
			productType = "com.apple.product-type.application";
		};
		7AC8AA672E9E1B4F0085907F /* ARadmissionTests */ = {
			isa = PBXNativeTarget;
			buildConfigurationList = 7AC8AA742E9E1B4F0085907F /* Build configuration list for PBXNativeTarget "ARadmissionTests" */;
			buildPhases = (
				7AC8AA642E9E1B4F0085907F /* Sources */,
				7AC8AA652E9E1B4F0085907F /* Frameworks */,
				7AC8AA662E9E1B4F0085907F /* Resources */,
			);
			buildRules = (
			);
			dependencies = (
				7AC8AA6A2E9E1B4F0085907F /* PBXTargetDependency */,
			);
			fileSystemSynchronizedGroups = (
				7AC8AA6B2E9E1B4F0085907F /* ARadmissionTests */,
			);
			name = ARadmissionTests;
			packageProductDependencies = (
			);
			productName = ARadmissionTests;
			productReference = 7AC8AA682E9E1B4F0085907F /* ARadmissionTests.xctest */;
			productType = "com.apple.product-type.bundle.unit-test";
		};
/* End PBXNativeTarget section */

/* Begin PBXProject section */
		7AC8AA4C2E9E1B4C0085907F /* Project object */ = {
			isa = PBXProject;
			attributes = {
				BuildIndependentTargetsInParallel = 1;
				LastSwiftUpdateCheck = 2600;
				LastUpgradeCheck = 2600;
				TargetAttributes = {
					7AC8AA532E9E1B4C0085907F = {
						CreatedOnToolsVersion = 26.0.1;
					};
					7AC8AA672E9E1B4F0085907F = {
						CreatedOnToolsVersion = 26.0.1;
						TestTargetID = 7AC8AA532E9E1B4C0085907F;
					};
				};
			};
			buildConfigurationList = 7AC8AA4F2E9E1B4C0085907F /* Build configuration list for PBXProject "ARadmission" */;
			developmentRegion = en;
			hasScannedForEncodings = 0;
			knownRegions = (
				en,
				Base,
			);
			mainGroup = 7AC8AA4B2E9E1B4C0085907F;
			minimizedProjectReferenceProxies = 1;
			preferredProjectObjectVersion = 77;
			productRefGroup = 7AC8AA552E9E1B4C0085907F /* Products */;
			projectDirPath = "";
			projectRoot = "";
			targets = (
				7AC8AA532E9E1B4C0085907F /* ARadmission */,
				7AC8AA672E9E1B4F0085907F /* ARadmissionTests */,
			);
		};
/* End PBXProject section */

/* Begin PBXResourcesBuildPhase section */
		7AC8AA522E9E1B4C0085907F /* Resources */ = {
			isa = PBXResourcesBuildPhase;
			buildActionMask = 2147483647;
			files = (
			);
			runOnlyForDeploymentPostprocessing = 0;
		};
		7AC8AA662E9E1B4F0085907F /* Resources */ = {
			isa = PBXResourcesBuildPhase;
			buildActionMask = 2147483647;
			files = (
			);
			runOnlyForDeploymentPostprocessing = 0;
		};
/* End PBXResourcesBuildPhase section */

/* Begin PBXSourcesBuildPhase section */
		7AC8AA502E9E1B4C0085907F /* Sources */ = {
			isa = PBXSourcesBuildPhase;
			buildActionMask = 2147483647;
			files = (
				7A939B2B2EAAA26C00DDA4FB /* PatientCard.swift in Sources */,
				7A000C3F2EADEB6C00EEC3FA /* ARadmissionApp.swift in Sources */,
			);
			runOnlyForDeploymentPostprocessing = 0;
		};
		7AC8AA642E9E1B4F0085907F /* Sources */ = {
			isa = PBXSourcesBuildPhase;
			buildActionMask = 2147483647;
			files = (
			);
			runOnlyForDeploymentPostprocessing = 0;
		};
/* End PBXSourcesBuildPhase section */

/* Begin PBXTargetDependency section */
		7AC8AA6A2E9E1B4F0085907F /* PBXTargetDependency */ = {
			isa = PBXTargetDependency;
			target = 7AC8AA532E9E1B4C0085907F /* ARadmission */;
			targetProxy = 7AC8AA692E9E1B4F0085907F /* PBXContainerItemProxy */;
		};
/* End PBXTargetDependency section */

/* Begin XCBuildConfiguration section */
		7AC8AA702E9E1B4F0085907F /* Debug */ = {
			isa = XCBuildConfiguration;
			buildSettings = {
				ASSETCATALOG_COMPILER_APPICON_NAME = AppIcon;
				ASSETCATALOG_COMPILER_GLOBAL_ACCENT_COLOR_NAME = AccentColor;
				CODE_SIGN_STYLE = Automatic;
				CURRENT_PROJECT_VERSION = 1;
				DEVELOPMENT_TEAM = CZQK5DZ8J3;
				ENABLE_PREVIEWS = YES;
				GENERATE_INFOPLIST_FILE = YES;
				INFOPLIST_FILE = "$(TARGET_NAME)/Info.plist";
				LD_RUNPATH_SEARCH_PATHS = (
					"$(inherited)",
					"@executable_path/Frameworks",
				);
				MARKETING_VERSION = 1.0;
				PRODUCT_BUNDLE_IDENTIFIER = com.codewithnick.ARadmission;
				PRODUCT_NAME = "$(TARGET_NAME)";
				STRING_CATALOG_GENERATE_SYMBOLS = YES;
				SUPPORTED_PLATFORMS = "xros xrsimulator";
				SWIFT_APPROACHABLE_CONCURRENCY = YES;
				SWIFT_DEFAULT_ACTOR_ISOLATION = MainActor;
				SWIFT_EMIT_LOC_STRINGS = YES;
				SWIFT_UPCOMING_FEATURE_MEMBER_IMPORT_VISIBILITY = YES;
				SWIFT_VERSION = 5.0;
				TARGETED_DEVICE_FAMILY = 7;
			};
			name = Debug;
		};
		7AC8AA712E9E1B4F0085907F /* Release */ = {
			isa = XCBuildConfiguration;
			buildSettings = {
				ASSETCATALOG_COMPILER_APPICON_NAME = AppIcon;
				ASSETCATALOG_COMPILER_GLOBAL_ACCENT_COLOR_NAME = AccentColor;
				CODE_SIGN_STYLE = Automatic;
				CURRENT_PROJECT_VERSION = 1;
				DEVELOPMENT_TEAM = CZQK5DZ8J3;
				ENABLE_PREVIEWS = YES;
				GENERATE_INFOPLIST_FILE = YES;
				INFOPLIST_FILE = "$(TARGET_NAME)/Info.plist";
				LD_RUNPATH_SEARCH_PATHS = (
					"$(inherited)",
					"@executable_path/Frameworks",
				);
				MARKETING_VERSION = 1.0;
				PRODUCT_BUNDLE_IDENTIFIER = com.codewithnick.ARadmission;
				PRODUCT_NAME = "$(TARGET_NAME)";
				STRING_CATALOG_GENERATE_SYMBOLS = YES;
				SUPPORTED_PLATFORMS = "xros xrsimulator";
				SWIFT_APPROACHABLE_CONCURRENCY = YES;
				SWIFT_DEFAULT_ACTOR_ISOLATION = MainActor;
				SWIFT_EMIT_LOC_STRINGS = YES;
				SWIFT_UPCOMING_FEATURE_MEMBER_IMPORT_VISIBILITY = YES;
				SWIFT_VERSION = 5.0;
				TARGETED_DEVICE_FAMILY = 7;
			};
			name = Release;
		};
		7AC8AA722E9E1B4F0085907F /* Debug */ = {
			isa = XCBuildConfiguration;
			buildSettings = {
				ALWAYS_SEARCH_USER_PATHS = NO;
				ASSETCATALOG_COMPILER_GENERATE_SWIFT_ASSET_SYMBOL_EXTENSIONS = YES;
				CLANG_ANALYZER_NONNULL = YES;
				CLANG_ANALYZER_NUMBER_OBJECT_CONVERSION = YES_AGGRESSIVE;
				CLANG_CXX_LANGUAGE_STANDARD = "gnu++20";
				CLANG_ENABLE_MODULES = YES;
				CLANG_ENABLE_OBJC_ARC = YES;
				CLANG_ENABLE_OBJC_WEAK = YES;
				CLANG_WARN_BLOCK_CAPTURE_AUTORELEASING = YES;
				CLANG_WARN_BOOL_CONVERSION = YES;
				CLANG_WARN_COMMA = YES;
				CLANG_WARN_CONSTANT_CONVERSION = YES;
				CLANG_WARN_DEPRECATED_OBJC_IMPLEMENTATIONS = YES;
				CLANG_WARN_DIRECT_OBJC_ISA_USAGE = YES_ERROR;
				CLANG_WARN_DOCUMENTATION_COMMENTS = YES;
				CLANG_WARN_EMPTY_BODY = YES;
				CLANG_WARN_ENUM_CONVERSION = YES;
				CLANG_WARN_INFINITE_RECURSION = YES;
				CLANG_WARN_INT_CONVERSION = YES;
				CLANG_WARN_NON_LITERAL_NULL_CONVERSION = YES;
				CLANG_WARN_OBJC_IMPLICIT_RETAIN_SELF = YES;
				CLANG_WARN_OBJC_LITERAL_CONVERSION = YES;
				CLANG_WARN_OBJC_ROOT_CLASS = YES_ERROR;
				CLANG_WARN_QUOTED_INCLUDE_IN_FRAMEWORK_HEADER = YES;
				CLANG_WARN_RANGE_LOOP_ANALYSIS = YES;
				CLANG_WARN_STRICT_PROTOTYPES = YES;
				CLANG_WARN_SUSPICIOUS_MOVE = YES;
				CLANG_WARN_UNGUARDED_AVAILABILITY = YES_AGGRESSIVE;
				CLANG_WARN_UNREACHABLE_CODE = YES;
				CLANG_WARN__DUPLICATE_METHOD_MATCH = YES;
				COPY_PHASE_STRIP = NO;
				DEBUG_INFORMATION_FORMAT = dwarf;
				ENABLE_STRICT_OBJC_MSGSEND = YES;
				ENABLE_TESTABILITY = YES;
				ENABLE_USER_SCRIPT_SANDBOXING = YES;
				GCC_C_LANGUAGE_STANDARD = gnu17;
				GCC_DYNAMIC_NO_PIC = NO;
				GCC_NO_COMMON_BLOCKS = YES;
				GCC_OPTIMIZATION_LEVEL = 0;
				GCC_PREPROCESSOR_DEFINITIONS = (
					"DEBUG=1",
					"$(inherited)",
				);
				GCC_WARN_64_TO_32_BIT_CONVERSION = YES;
				GCC_WARN_ABOUT_RETURN_TYPE = YES_ERROR;
				GCC_WARN_UNDECLARED_SELECTOR = YES;
				GCC_WARN_UNINITIALIZED_AUTOS = YES_AGGRESSIVE;
				GCC_WARN_UNUSED_FUNCTION = YES;
				GCC_WARN_UNUSED_VARIABLE = YES;
				LOCALIZATION_PREFERS_STRING_CATALOGS = YES;
				MTL_ENABLE_DEBUG_INFO = INCLUDE_SOURCE;
				MTL_FAST_MATH = YES;
				ONLY_ACTIVE_ARCH = YES;
				SDKROOT = xros;
				SWIFT_ACTIVE_COMPILATION_CONDITIONS = "DEBUG $(inherited)";
				SWIFT_OPTIMIZATION_LEVEL = "-Onone";
				XROS_DEPLOYMENT_TARGET = 26.0;
			};
			name = Debug;
		};
		7AC8AA732E9E1B4F0085907F /* Release */ = {
			isa = XCBuildConfiguration;
			buildSettings = {
				ALWAYS_SEARCH_USER_PATHS = NO;
				ASSETCATALOG_COMPILER_GENERATE_SWIFT_ASSET_SYMBOL_EXTENSIONS = YES;
				CLANG_ANALYZER_NONNULL = YES;
				CLANG_ANALYZER_NUMBER_OBJECT_CONVERSION = YES_AGGRESSIVE;
				CLANG_CXX_LANGUAGE_STANDARD = "gnu++20";
				CLANG_ENABLE_MODULES = YES;
				CLANG_ENABLE_OBJC_ARC = YES;
				CLANG_ENABLE_OBJC_WEAK = YES;
				CLANG_WARN_BLOCK_CAPTURE_AUTORELEASING = YES;
				CLANG_WARN_BOOL_CONVERSION = YES;
				CLANG_WARN_COMMA = YES;
				CLANG_WARN_CONSTANT_CONVERSION = YES;
				CLANG_WARN_DEPRECATED_OBJC_IMPLEMENTATIONS = YES;
				CLANG_WARN_DIRECT_OBJC_ISA_USAGE = YES_ERROR;
				CLANG_WARN_DOCUMENTATION_COMMENTS = YES;
				CLANG_WARN_EMPTY_BODY = YES;
				CLANG_WARN_ENUM_CONVERSION = YES;
				CLANG_WARN_INFINITE_RECURSION = YES;
				CLANG_WARN_INT_CONVERSION = YES;
				CLANG_WARN_NON_LITERAL_NULL_CONVERSION = YES;
				CLANG_WARN_OBJC_IMPLICIT_RETAIN_SELF = YES;
				CLANG_WARN_OBJC_LITERAL_CONVERSION = YES;
				CLANG_WARN_OBJC_ROOT_CLASS = YES_ERROR;
				CLANG_WARN_QUOTED_INCLUDE_IN_FRAMEWORK_HEADER = YES;
				CLANG_WARN_RANGE_LOOP_ANALYSIS = YES;
				CLANG_WARN_STRICT_PROTOTYPES = YES;
				CLANG_WARN_SUSPICIOUS_MOVE = YES;
				CLANG_WARN_UNGUARDED_AVAILABILITY = YES_AGGRESSIVE;
				CLANG_WARN_UNREACHABLE_CODE = YES;
				CLANG_WARN__DUPLICATE_METHOD_MATCH = YES;
				COPY_PHASE_STRIP = NO;
				DEBUG_INFORMATION_FORMAT = "dwarf-with-dsym";
				ENABLE_NS_ASSERTIONS = NO;
				ENABLE_STRICT_OBJC_MSGSEND = YES;
				ENABLE_USER_SCRIPT_SANDBOXING = YES;
				GCC_C_LANGUAGE_STANDARD = gnu17;
				GCC_NO_COMMON_BLOCKS = YES;
				GCC_WARN_64_TO_32_BIT_CONVERSION = YES;
				GCC_WARN_ABOUT_RETURN_TYPE = YES_ERROR;
				GCC_WARN_UNDECLARED_SELECTOR = YES;
				GCC_WARN_UNINITIALIZED_AUTOS = YES_AGGRESSIVE;
				GCC_WARN_UNUSED_FUNCTION = YES;
				GCC_WARN_UNUSED_VARIABLE = YES;
				LOCALIZATION_PREFERS_STRING_CATALOGS = YES;
				MTL_ENABLE_DEBUG_INFO = NO;
				MTL_FAST_MATH = YES;
				SDKROOT = xros;
				SWIFT_COMPILATION_MODE = wholemodule;
				VALIDATE_PRODUCT = YES;
				XROS_DEPLOYMENT_TARGET = 26.0;
			};
			name = Release;
		};
		7AC8AA752E9E1B4F0085907F /* Debug */ = {
			isa = XCBuildConfiguration;
			buildSettings = {
				BUNDLE_LOADER = "$(TEST_HOST)";
				CODE_SIGN_STYLE = Automatic;
				CURRENT_PROJECT_VERSION = 1;
				DEVELOPMENT_TEAM = CZQK5DZ8J3;
				GENERATE_INFOPLIST_FILE = YES;
				MARKETING_VERSION = 1.0;
				PRODUCT_BUNDLE_IDENTIFIER = com.codewithnick.ARadmissionTests;
				PRODUCT_NAME = "$(TARGET_NAME)";
				STRING_CATALOG_GENERATE_SYMBOLS = NO;
				SUPPORTED_PLATFORMS = "xros xrsimulator";
				SWIFT_APPROACHABLE_CONCURRENCY = YES;
				SWIFT_EMIT_LOC_STRINGS = NO;
				SWIFT_UPCOMING_FEATURE_MEMBER_IMPORT_VISIBILITY = YES;
				SWIFT_VERSION = 5.0;
				TARGETED_DEVICE_FAMILY = 7;
				TEST_HOST = "$(BUILT_PRODUCTS_DIR)/ARadmission.app/$(BUNDLE_EXECUTABLE_FOLDER_PATH)/ARadmission";
				XROS_DEPLOYMENT_TARGET = 26.0;
			};
			name = Debug;
		};
		7AC8AA762E9E1B4F0085907F /* Release */ = {
			isa = XCBuildConfiguration;
			buildSettings = {
				BUNDLE_LOADER = "$(TEST_HOST)";
				CODE_SIGN_STYLE = Automatic;
				CURRENT_PROJECT_VERSION = 1;
				DEVELOPMENT_TEAM = CZQK5DZ8J3;
				GENERATE_INFOPLIST_FILE = YES;
				MARKETING_VERSION = 1.0;
				PRODUCT_BUNDLE_IDENTIFIER = com.codewithnick.ARadmissionTests;
				PRODUCT_NAME = "$(TARGET_NAME)";
				STRING_CATALOG_GENERATE_SYMBOLS = NO;
				SUPPORTED_PLATFORMS = "xros xrsimulator";
				SWIFT_APPROACHABLE_CONCURRENCY = YES;
				SWIFT_EMIT_LOC_STRINGS = NO;
				SWIFT_UPCOMING_FEATURE_MEMBER_IMPORT_VISIBILITY = YES;
				SWIFT_VERSION = 5.0;
				TARGETED_DEVICE_FAMILY = 7;
				TEST_HOST = "$(BUILT_PRODUCTS_DIR)/ARadmission.app/$(BUNDLE_EXECUTABLE_FOLDER_PATH)/ARadmission";
				XROS_DEPLOYMENT_TARGET = 26.0;
			};
			name = Release;
		};
/* End XCBuildConfiguration section */

/* Begin XCConfigurationList section */
		7AC8AA4F2E9E1B4C0085907F /* Build configuration list for PBXProject "ARadmission" */ = {
			isa = XCConfigurationList;
			buildConfigurations = (
				7AC8AA722E9E1B4F0085907F /* Debug */,
				7AC8AA732E9E1B4F0085907F /* Release */,
			);
			defaultConfigurationIsVisible = 0;
			defaultConfigurationName = Release;
		};
		7AC8AA6F2E9E1B4F0085907F /* Build configuration list for PBXNativeTarget "ARadmission" */ = {
			isa = XCConfigurationList;
			buildConfigurations = (
				7AC8AA702E9E1B4F0085907F /* Debug */,
				7AC8AA712E9E1B4F0085907F /* Release */,
			);
			defaultConfigurationIsVisible = 0;
			defaultConfigurationName = Release;
		};
		7AC8AA742E9E1B4F0085907F /* Build configuration list for PBXNativeTarget "ARadmissionTests" */ = {
			isa = XCConfigurationList;
			buildConfigurations = (
				7AC8AA752E9E1B4F0085907F /* Debug */,
				7AC8AA762E9E1B4F0085907F /* Release */,
			);
			defaultConfigurationIsVisible = 0;
			defaultConfigurationName = Release;
		};
/* End XCConfigurationList section */

/* Begin XCSwiftPackageProductDependency section */
		7AC8AA592E9E1B4C0085907F /* RealityKitContent */ = {
			isa = XCSwiftPackageProductDependency;
			productName = RealityKitContent;
		};
/* End XCSwiftPackageProductDependency section */
	};
	rootObject = 7AC8AA4C2E9E1B4C0085907F /* Project object */;
}
